// !$*UTF8*$!
{
	archiveVersion = 1;
	classes = {
	};
	objectVersion = 55;
	objects = {

/* Begin PBXBuildFile section */
		1B37466C272C4B3A00C51BF3 /* AppDelegate.swift in Sources */ = {isa = PBXBuildFile; fileRef = 1B37466B272C4B3A00C51BF3 /* AppDelegate.swift */; };
		1B37466E272C4B3A00C51BF3 /* SceneDelegate.swift in Sources */ = {isa = PBXBuildFile; fileRef = 1B37466D272C4B3A00C51BF3 /* SceneDelegate.swift */; };
		1B374673272C4B3A00C51BF3 /* Main.storyboard in Resources */ = {isa = PBXBuildFile; fileRef = 1B374671272C4B3A00C51BF3 /* Main.storyboard */; };
		1B374675272C4B3E00C51BF3 /* Assets.xcassets in Resources */ = {isa = PBXBuildFile; fileRef = 1B374674272C4B3E00C51BF3 /* Assets.xcassets */; };
		1B374678272C4B3E00C51BF3 /* LaunchScreen.storyboard in Resources */ = {isa = PBXBuildFile; fileRef = 1B374676272C4B3E00C51BF3 /* LaunchScreen.storyboard */; };
		1B680B7B272D89C90026B0DB /* LoginVC.swift in Sources */ = {isa = PBXBuildFile; fileRef = 1B680B7A272D89C90026B0DB /* LoginVC.swift */; };
		1B680B7D272D9DFD0026B0DB /* HomeVC.swift in Sources */ = {isa = PBXBuildFile; fileRef = 1B680B7C272D9DFD0026B0DB /* HomeVC.swift */; };
		1B680B7F272DD70B0026B0DB /* Bank.swift in Sources */ = {isa = PBXBuildFile; fileRef = 1B680B7E272DD70B0026B0DB /* Bank.swift */; };
		1B680B81272E6BE80026B0DB /* TransactionsTVC.swift in Sources */ = {isa = PBXBuildFile; fileRef = 1B680B80272E6BE80026B0DB /* TransactionsTVC.swift */; };
		1B680B83272E74800026B0DB /* RegisterVC.swift in Sources */ = {isa = PBXBuildFile; fileRef = 1B680B82272E74800026B0DB /* RegisterVC.swift */; };
/* End PBXBuildFile section */

/* Begin PBXFileReference section */
		1B374668272C4B3A00C51BF3 /* Bank Account Manager UI.app */ = {isa = PBXFileReference; explicitFileType = wrapper.application; includeInIndex = 0; path = "Bank Account Manager UI.app"; sourceTree = BUILT_PRODUCTS_DIR; };
		1B37466B272C4B3A00C51BF3 /* AppDelegate.swift */ = {isa = PBXFileReference; lastKnownFileType = sourcecode.swift; path = AppDelegate.swift; sourceTree = "<group>"; };
		1B37466D272C4B3A00C51BF3 /* SceneDelegate.swift */ = {isa = PBXFileReference; lastKnownFileType = sourcecode.swift; path = SceneDelegate.swift; sourceTree = "<group>"; };
		1B374672272C4B3A00C51BF3 /* Base */ = {isa = PBXFileReference; lastKnownFileType = file.storyboard; name = Base; path = Base.lproj/Main.storyboard; sourceTree = "<group>"; };
		1B374674272C4B3E00C51BF3 /* Assets.xcassets */ = {isa = PBXFileReference; lastKnownFileType = folder.assetcatalog; path = Assets.xcassets; sourceTree = "<group>"; };
		1B374677272C4B3E00C51BF3 /* Base */ = {isa = PBXFileReference; lastKnownFileType = file.storyboard; name = Base; path = Base.lproj/LaunchScreen.storyboard; sourceTree = "<group>"; };
		1B374679272C4B3F00C51BF3 /* Info.plist */ = {isa = PBXFileReference; lastKnownFileType = text.plist.xml; path = Info.plist; sourceTree = "<group>"; };
		1B680B7A272D89C90026B0DB /* LoginVC.swift */ = {isa = PBXFileReference; lastKnownFileType = sourcecode.swift; path = LoginVC.swift; sourceTree = "<group>"; };
		1B680B7C272D9DFD0026B0DB /* HomeVC.swift */ = {isa = PBXFileReference; lastKnownFileType = sourcecode.swift; path = HomeVC.swift; sourceTree = "<group>"; };
		1B680B7E272DD70B0026B0DB /* Bank.swift */ = {isa = PBXFileReference; lastKnownFileType = sourcecode.swift; path = Bank.swift; sourceTree = "<group>"; };
		1B680B80272E6BE80026B0DB /* TransactionsTVC.swift */ = {isa = PBXFileReference; lastKnownFileType = sourcecode.swift; path = TransactionsTVC.swift; sourceTree = "<group>"; };
		1B680B82272E74800026B0DB /* RegisterVC.swift */ = {isa = PBXFileReference; lastKnownFileType = sourcecode.swift; path = RegisterVC.swift; sourceTree = "<group>"; };
		1B680B85272F2B340026B0DB /* test.playground */ = {isa = PBXFileReference; lastKnownFileType = file.playground; path = test.playground; sourceTree = "<group>"; xcLanguageSpecificationIdentifier = xcode.lang.swift; };
/* End PBXFileReference section */

/* Begin PBXFrameworksBuildPhase section */
		1B374665272C4B3A00C51BF3 /* Frameworks */ = {
			isa = PBXFrameworksBuildPhase;
			buildActionMask = 2147483647;
			files = (
			);
			runOnlyForDeploymentPostprocessing = 0;
		};
/* End PBXFrameworksBuildPhase section */

/* Begin PBXGroup section */
		1B37465F272C4B3900C51BF3 = {
			isa = PBXGroup;
			children = (
				1B37466A272C4B3A00C51BF3 /* Bank Account Manager UI */,
				1B374669272C4B3A00C51BF3 /* Products */,
			);
			sourceTree = "<group>";
		};
		1B374669272C4B3A00C51BF3 /* Products */ = {
			isa = PBXGroup;
			children = (
				1B374668272C4B3A00C51BF3 /* Bank Account Manager UI.app */,
			);
			name = Products;
			sourceTree = "<group>";
		};
		1B37466A272C4B3A00C51BF3 /* Bank Account Manager UI */ = {
			isa = PBXGroup;
			children = (
				1B680B84272E88920026B0DB /* Model */,
				1B37466B272C4B3A00C51BF3 /* AppDelegate.swift */,
				1B37466D272C4B3A00C51BF3 /* SceneDelegate.swift */,
				1B374671272C4B3A00C51BF3 /* Main.storyboard */,
				1B680B82272E74800026B0DB /* RegisterVC.swift */,
				1B680B80272E6BE80026B0DB /* TransactionsTVC.swift */,
				1B680B7A272D89C90026B0DB /* LoginVC.swift */,
				1B680B7C272D9DFD0026B0DB /* HomeVC.swift */,
				1B374674272C4B3E00C51BF3 /* Assets.xcassets */,
				1B374676272C4B3E00C51BF3 /* LaunchScreen.storyboard */,
				1B374679272C4B3F00C51BF3 /* Info.plist */,
			);
			path = "Bank Account Manager UI";
			sourceTree = "<group>";
		};
		1B680B84272E88920026B0DB /* Model */ = {
			isa = PBXGroup;
			children = (
				1B680B7E272DD70B0026B0DB /* Bank.swift */,
				1B680B85272F2B340026B0DB /* test.playground */,
			);
			path = Model;
			sourceTree = "<group>";
		};
/* End PBXGroup section */

/* Begin PBXNativeTarget section */
		1B374667272C4B3A00C51BF3 /* Bank Account Manager UI */ = {
			isa = PBXNativeTarget;
			buildConfigurationList = 1B37467C272C4B3F00C51BF3 /* Build configuration list for PBXNativeTarget "Bank Account Manager UI" */;
			buildPhases = (
				1B374664272C4B3A00C51BF3 /* Sources */,
				1B374665272C4B3A00C51BF3 /* Frameworks */,
				1B374666272C4B3A00C51BF3 /* Resources */,
			);
			buildRules = (
			);
			dependencies = (
			);
			name = "Bank Account Manager UI";
			productName = "Bank Account Manager UI";
			productReference = 1B374668272C4B3A00C51BF3 /* Bank Account Manager UI.app */;
			productType = "com.apple.product-type.application";
		};
/* End PBXNativeTarget section */

/* Begin PBXProject section */
		1B374660272C4B3900C51BF3 /* Project object */ = {
			isa = PBXProject;
			attributes = {
				BuildIndependentTargetsInParallel = 1;
				LastSwiftUpdateCheck = 1300;
				LastUpgradeCheck = 1300;
				TargetAttributes = {
					1B374667272C4B3A00C51BF3 = {
						CreatedOnToolsVersion = 13.0;
					};
				};
			};
			buildConfigurationList = 1B374663272C4B3900C51BF3 /* Build configuration list for PBXProject "Bank Account Manager UI" */;
			compatibilityVersion = "Xcode 13.0";
			developmentRegion = en;
			hasScannedForEncodings = 0;
			knownRegions = (
				en,
				Base,
			);
			mainGroup = 1B37465F272C4B3900C51BF3;
			productRefGroup = 1B374669272C4B3A00C51BF3 /* Products */;
			projectDirPath = "";
			projectRoot = "";
			targets = (
				1B374667272C4B3A00C51BF3 /* Bank Account Manager UI */,
			);
		};
/* End PBXProject section */

/* Begin PBXResourcesBuildPhase section */
		1B374666272C4B3A00C51BF3 /* Resources */ = {
			isa = PBXResourcesBuildPhase;
			buildActionMask = 2147483647;
			files = (
				1B374678272C4B3E00C51BF3 /* LaunchScreen.storyboard in Resources */,
				1B374675272C4B3E00C51BF3 /* Assets.xcassets in Resources */,
				1B374673272C4B3A00C51BF3 /* Main.storyboard in Resources */,
			);
			runOnlyForDeploymentPostprocessing = 0;
		};
/* End PBXResourcesBuildPhase section */

/* Begin PBXSourcesBuildPhase section */
		1B374664272C4B3A00C51BF3 /* Sources */ = {
			isa = PBXSourcesBuildPhase;
			buildActionMask = 2147483647;
			files = (
				1B37466C272C4B3A00C51BF3 /* AppDelegate.swift in Sources */,
				1B680B7D272D9DFD0026B0DB /* HomeVC.swift in Sources */,
				1B680B81272E6BE80026B0DB /* TransactionsTVC.swift in Sources */,
				1B680B7F272DD70B0026B0DB /* Bank.swift in Sources */,
				1B680B83272E74800026B0DB /* RegisterVC.swift in Sources */,
				1B37466E272C4B3A00C51BF3 /* SceneDelegate.swift in Sources */,
				1B680B7B272D89C90026B0DB /* LoginVC.swift in Sources */,
			);
			runOnlyForDeploymentPostprocessing = 0;
		};
/* End PBXSourcesBuildPhase section */

/* Begin PBXVariantGroup section */
		1B374671272C4B3A00C51BF3 /* Main.storyboard */ = {
			isa = PBXVariantGroup;
			children = (
				1B374672272C4B3A00C51BF3 /* Base */,
			);
			name = Main.storyboard;
			sourceTree = "<group>";
		};
		1B374676272C4B3E00C51BF3 /* LaunchScreen.storyboard */ = {
			isa = PBXVariantGroup;
			children = (
				1B374677272C4B3E00C51BF3 /* Base */,
			);
			name = LaunchScreen.storyboard;
			sourceTree = "<group>";
		};
/* End PBXVariantGroup section */

/* Begin XCBuildConfiguration section */
		1B37467A272C4B3F00C51BF3 /* Debug */ = {
			isa = XCBuildConfiguration;
			buildSettings = {
				ALWAYS_SEARCH_USER_PATHS = NO;
				CLANG_ANALYZER_NONNULL = YES;
				CLANG_ANALYZER_NUMBER_OBJECT_CONVERSION = YES_AGGRESSIVE;
				CLANG_CXX_LANGUAGE_STANDARD = "gnu++17";
				CLANG_CXX_LIBRARY = "libc++";
				CLANG_ENABLE_MODULES = YES;
				CLANG_ENABLE_OBJC_ARC = YES;
				CLANG_ENABLE_OBJC_WEAK = YES;
				CLANG_WARN_BLOCK_CAPTURE_AUTORELEASING = YES;
				CLANG_WARN_BOOL_CONVERSION = YES;
				CLANG_WARN_COMMA = YES;
				CLANG_WARN_CONSTANT_CONVERSION = YES;
				CLANG_WARN_DEPRECATED_OBJC_IMPLEMENTATIONS = YES;
				CLANG_WARN_DIRECT_OBJC_ISA_USAGE = YES_ERROR;
				CLANG_WARN_DOCUMENTATION_COMMENTS = YES;
				CLANG_WARN_EMPTY_BODY = YES;
				CLANG_WARN_ENUM_CONVERSION = YES;
				CLANG_WARN_INFINITE_RECURSION = YES;
				CLANG_WARN_INT_CONVERSION = YES;
				CLANG_WARN_NON_LITERAL_NULL_CONVERSION = YES;
				CLANG_WARN_OBJC_IMPLICIT_RETAIN_SELF = YES;
				CLANG_WARN_OBJC_LITERAL_CONVERSION = YES;
				CLANG_WARN_OBJC_ROOT_CLASS = YES_ERROR;
				CLANG_WARN_QUOTED_INCLUDE_IN_FRAMEWORK_HEADER = YES;
				CLANG_WARN_RANGE_LOOP_ANALYSIS = YES;
				CLANG_WARN_STRICT_PROTOTYPES = YES;
				CLANG_WARN_SUSPICIOUS_MOVE = YES;
				CLANG_WARN_UNGUARDED_AVAILABILITY = YES_AGGRESSIVE;
				CLANG_WARN_UNREACHABLE_CODE = YES;
				CLANG_WARN__DUPLICATE_METHOD_MATCH = YES;
				COPY_PHASE_STRIP = NO;
				DEBUG_INFORMATION_FORMAT = dwarf;
				ENABLE_STRICT_OBJC_MSGSEND = YES;
				ENABLE_TESTABILITY = YES;
				GCC_C_LANGUAGE_STANDARD = gnu11;
				GCC_DYNAMIC_NO_PIC = NO;
				GCC_NO_COMMON_BLOCKS = YES;
				GCC_OPTIMIZATION_LEVEL = 0;
				GCC_PREPROCESSOR_DEFINITIONS = (
					"DEBUG=1",
					"$(inherited)",
				);
				GCC_WARN_64_TO_32_BIT_CONVERSION = YES;
				GCC_WARN_ABOUT_RETURN_TYPE = YES_ERROR;
				GCC_WARN_UNDECLARED_SELECTOR = YES;
				GCC_WARN_UNINITIALIZED_AUTOS = YES_AGGRESSIVE;
				GCC_WARN_UNUSED_FUNCTION = YES;
				GCC_WARN_UNUSED_VARIABLE = YES;
				IPHONEOS_DEPLOYMENT_TARGET = 15.0;
				MTL_ENABLE_DEBUG_INFO = INCLUDE_SOURCE;
				MTL_FAST_MATH = YES;
				ONLY_ACTIVE_ARCH = YES;
				SDKROOT = iphoneos;
				SWIFT_ACTIVE_COMPILATION_CONDITIONS = DEBUG;
				SWIFT_OPTIMIZATION_LEVEL = "-Onone";
			};
			name = Debug;
		};
		1B37467B272C4B3F00C51BF3 /* Release */ = {
			isa = XCBuildConfiguration;
			buildSettings = {
				ALWAYS_SEARCH_USER_PATHS = NO;
				CLANG_ANALYZER_NONNULL = YES;
				CLANG_ANALYZER_NUMBER_OBJECT_CONVERSION = YES_AGGRESSIVE;
				CLANG_CXX_LANGUAGE_STANDARD = "gnu++17";
				CLANG_CXX_LIBRARY = "libc++";
				CLANG_ENABLE_MODULES = YES;
				CLANG_ENABLE_OBJC_ARC = YES;
				CLANG_ENABLE_OBJC_WEAK = YES;
				CLANG_WARN_BLOCK_CAPTURE_AUTORELEASING = YES;
				CLANG_WARN_BOOL_CONVERSION = YES;
				CLANG_WARN_COMMA = YES;
				CLANG_WARN_CONSTANT_CONVERSION = YES;
				CLANG_WARN_DEPRECATED_OBJC_IMPLEMENTATIONS = YES;
				CLANG_WARN_DIRECT_OBJC_ISA_USAGE = YES_ERROR;
				CLANG_WARN_DOCUMENTATION_COMMENTS = YES;
				CLANG_WARN_EMPTY_BODY = YES;
				CLANG_WARN_ENUM_CONVERSION = YES;
				CLANG_WARN_INFINITE_RECURSION = YES;
				CLANG_WARN_INT_CONVERSION = YES;
				CLANG_WARN_NON_LITERAL_NULL_CONVERSION = YES;
				CLANG_WARN_OBJC_IMPLICIT_RETAIN_SELF = YES;
				CLANG_WARN_OBJC_LITERAL_CONVERSION = YES;
				CLANG_WARN_OBJC_ROOT_CLASS = YES_ERROR;
				CLANG_WARN_QUOTED_INCLUDE_IN_FRAMEWORK_HEADER = YES;
				CLANG_WARN_RANGE_LOOP_ANALYSIS = YES;
				CLANG_WARN_STRICT_PROTOTYPES = YES;
				CLANG_WARN_SUSPICIOUS_MOVE = YES;
				CLANG_WARN_UNGUARDED_AVAILABILITY = YES_AGGRESSIVE;
				CLANG_WARN_UNREACHABLE_CODE = YES;
				CLANG_WARN__DUPLICATE_METHOD_MATCH = YES;
				COPY_PHASE_STRIP = NO;
				DEBUG_INFORMATION_FORMAT = "dwarf-with-dsym";
				ENABLE_NS_ASSERTIONS = NO;
				ENABLE_STRICT_OBJC_MSGSEND = YES;
				GCC_C_LANGUAGE_STANDARD = gnu11;
				GCC_NO_COMMON_BLOCKS = YES;
				GCC_WARN_64_TO_32_BIT_CONVERSION = YES;
				GCC_WARN_ABOUT_RETURN_TYPE = YES_ERROR;
				GCC_WARN_UNDECLARED_SELECTOR = YES;
				GCC_WARN_UNINITIALIZED_AUTOS = YES_AGGRESSIVE;
				GCC_WARN_UNUSED_FUNCTION = YES;
				GCC_WARN_UNUSED_VARIABLE = YES;
				IPHONEOS_DEPLOYMENT_TARGET = 15.0;
				MTL_ENABLE_DEBUG_INFO = NO;
				MTL_FAST_MATH = YES;
				SDKROOT = iphoneos;
				SWIFT_COMPILATION_MODE = wholemodule;
				SWIFT_OPTIMIZATION_LEVEL = "-O";
				VALIDATE_PRODUCT = YES;
			};
			name = Release;
		};
		1B37467D272C4B3F00C51BF3 /* Debug */ = {
			isa = XCBuildConfiguration;
			buildSettings = {
				ASSETCATALOG_COMPILER_APPICON_NAME = AppIcon;
				ASSETCATALOG_COMPILER_GLOBAL_ACCENT_COLOR_NAME = AccentColor;
				CODE_SIGN_STYLE = Automatic;
				CURRENT_PROJECT_VERSION = 1;
				DEVELOPMENT_TEAM = WD8C8WX444;
				GENERATE_INFOPLIST_FILE = YES;
				INFOPLIST_FILE = "Bank Account Manager UI/Info.plist";
				INFOPLIST_KEY_UIApplicationSupportsIndirectInputEvents = YES;
				INFOPLIST_KEY_UILaunchStoryboardName = LaunchScreen;
				INFOPLIST_KEY_UIMainStoryboardFile = Main;
				INFOPLIST_KEY_UISupportedInterfaceOrientations_iPad = "UIInterfaceOrientationPortrait UIInterfaceOrientationPortraitUpsideDown UIInterfaceOrientationLandscapeLeft UIInterfaceOrientationLandscapeRight";
				INFOPLIST_KEY_UISupportedInterfaceOrientations_iPhone = "UIInterfaceOrientationPortrait UIInterfaceOrientationLandscapeLeft UIInterfaceOrientationLandscapeRight";
				IPHONEOS_DEPLOYMENT_TARGET = 14.7;
				LD_RUNPATH_SEARCH_PATHS = (
					"$(inherited)",
					"@executable_path/Frameworks",
				);
				MARKETING_VERSION = 1.0;
				PRODUCT_BUNDLE_IDENTIFIER = "com.ambajaman.Bank-Account-Manager-UI";
				PRODUCT_NAME = "$(TARGET_NAME)";
				SWIFT_EMIT_LOC_STRINGS = YES;
				SWIFT_VERSION = 5.0;
				TARGETED_DEVICE_FAMILY = 1;
			};
			name = Debug;
		};
		1B37467E272C4B3F00C51BF3 /* Release */ = {
			isa = XCBuildConfiguration;
			buildSettings = {
				ASSETCATALOG_COMPILER_APPICON_NAME = AppIcon;
				ASSETCATALOG_COMPILER_GLOBAL_ACCENT_COLOR_NAME = AccentColor;
				CODE_SIGN_STYLE = Automatic;
				CURRENT_PROJECT_VERSION = 1;
				DEVELOPMENT_TEAM = WD8C8WX444;
				GENERATE_INFOPLIST_FILE = YES;
				INFOPLIST_FILE = "Bank Account Manager UI/Info.plist";
				INFOPLIST_KEY_UIApplicationSupportsIndirectInputEvents = YES;
				INFOPLIST_KEY_UILaunchStoryboardName = LaunchScreen;
				INFOPLIST_KEY_UIMainStoryboardFile = Main;
				INFOPLIST_KEY_UISupportedInterfaceOrientations_iPad = "UIInterfaceOrientationPortrait UIInterfaceOrientationPortraitUpsideDown UIInterfaceOrientationLandscapeLeft UIInterfaceOrientationLandscapeRight";
				INFOPLIST_KEY_UISupportedInterfaceOrientations_iPhone = "UIInterfaceOrientationPortrait UIInterfaceOrientationLandscapeLeft UIInterfaceOrientationLandscapeRight";
				IPHONEOS_DEPLOYMENT_TARGET = 14.7;
				LD_RUNPATH_SEARCH_PATHS = (
					"$(inherited)",
					"@executable_path/Frameworks",
				);
				MARKETING_VERSION = 1.0;
				PRODUCT_BUNDLE_IDENTIFIER = "com.ambajaman.Bank-Account-Manager-UI";
				PRODUCT_NAME = "$(TARGET_NAME)";
				SWIFT_EMIT_LOC_STRINGS = YES;
				SWIFT_VERSION = 5.0;
				TARGETED_DEVICE_FAMILY = 1;
			};
			name = Release;
		};
/* End XCBuildConfiguration section */

/* Begin XCConfigurationList section */
		1B374663272C4B3900C51BF3 /* Build configuration list for PBXProject "Bank Account Manager UI" */ = {
			isa = XCConfigurationList;
			buildConfigurations = (
				1B37467A272C4B3F00C51BF3 /* Debug */,
				1B37467B272C4B3F00C51BF3 /* Release */,
			);
			defaultConfigurationIsVisible = 0;
			defaultConfigurationName = Release;
		};
		1B37467C272C4B3F00C51BF3 /* Build configuration list for PBXNativeTarget "Bank Account Manager UI" */ = {
			isa = XCConfigurationList;
			buildConfigurations = (
				1B37467D272C4B3F00C51BF3 /* Debug */,
				1B37467E272C4B3F00C51BF3 /* Release */,
			);
			defaultConfigurationIsVisible = 0;
			defaultConfigurationName = Release;
		};
/* End XCConfigurationList section */
	};
	rootObject = 1B374660272C4B3900C51BF3 /* Project object */;
}
